// !$*UTF8*$!
{
	archiveVersion = 1;
	classes = {
	};
	objectVersion = 46;
	objects = {

/* Begin PBXBuildFile section */
		4FAA63271ED4F7DD00BF02C3 /* AppDelegate.swift in Sources */ = {isa = PBXBuildFile; fileRef = 4FAA63261ED4F7DD00BF02C3 /* AppDelegate.swift */; };
		4FAA63291ED4F7DD00BF02C3 /* Assets.xcassets in Resources */ = {isa = PBXBuildFile; fileRef = 4FAA63281ED4F7DD00BF02C3 /* Assets.xcassets */; };
		4FAA632C1ED4F7DD00BF02C3 /* MainMenu.xib in Resources */ = {isa = PBXBuildFile; fileRef = 4FAA632A1ED4F7DD00BF02C3 /* MainMenu.xib */; };
		4FAA633A1ED4F7FB00BF02C3 /* Cocoa.framework in Frameworks */ = {isa = PBXBuildFile; fileRef = 4FAA63391ED4F7FB00BF02C3 /* Cocoa.framework */; };
		4FAA633F1ED4F7FB00BF02C3 /* SourceEditorExtension.swift in Sources */ = {isa = PBXBuildFile; fileRef = 4FAA633E1ED4F7FB00BF02C3 /* SourceEditorExtension.swift */; };
		4FAA63411ED4F7FB00BF02C3 /* SourceEditorCommand.swift in Sources */ = {isa = PBXBuildFile; fileRef = 4FAA63401ED4F7FB00BF02C3 /* SourceEditorCommand.swift */; };
		4FAA63451ED4F7FB00BF02C3 /* VoiceCode.appex in Embed App Extensions */ = {isa = PBXBuildFile; fileRef = 4FAA63371ED4F7FB00BF02C3 /* VoiceCode.appex */; settings = {ATTRIBUTES = (RemoveHeadersOnCopy, ); }; };
/* End PBXBuildFile section */

/* Begin PBXContainerItemProxy section */
		4FAA63431ED4F7FB00BF02C3 /* PBXContainerItemProxy */ = {
			isa = PBXContainerItemProxy;
			containerPortal = 4FAA631B1ED4F7DD00BF02C3 /* Project object */;
			proxyType = 1;
			remoteGlobalIDString = 4FAA63361ED4F7FB00BF02C3;
			remoteInfo = VoiceCode;
		};
/* End PBXContainerItemProxy section */

/* Begin PBXCopyFilesBuildPhase section */
		4FAA63491ED4F7FB00BF02C3 /* Embed App Extensions */ = {
			isa = PBXCopyFilesBuildPhase;
			buildActionMask = 2147483647;
			dstPath = "";
			dstSubfolderSpec = 13;
			files = (
				4FAA63451ED4F7FB00BF02C3 /* VoiceCode.appex in Embed App Extensions */,
			);
			name = "Embed App Extensions";
			runOnlyForDeploymentPostprocessing = 0;
		};
/* End PBXCopyFilesBuildPhase section */

/* Begin PBXFileReference section */
		4FAA63231ED4F7DD00BF02C3 /* VoiceCodeXCSourceEditorExtension.app */ = {isa = PBXFileReference; explicitFileType = wrapper.application; includeInIndex = 0; path = VoiceCodeXCSourceEditorExtension.app; sourceTree = BUILT_PRODUCTS_DIR; };
		4FAA63261ED4F7DD00BF02C3 /* AppDelegate.swift */ = {isa = PBXFileReference; lastKnownFileType = sourcecode.swift; path = AppDelegate.swift; sourceTree = "<group>"; };
		4FAA63281ED4F7DD00BF02C3 /* Assets.xcassets */ = {isa = PBXFileReference; lastKnownFileType = folder.assetcatalog; path = Assets.xcassets; sourceTree = "<group>"; };
		4FAA632B1ED4F7DD00BF02C3 /* Base */ = {isa = PBXFileReference; lastKnownFileType = file.xib; name = Base; path = Base.lproj/MainMenu.xib; sourceTree = "<group>"; };
		4FAA632D1ED4F7DD00BF02C3 /* Info.plist */ = {isa = PBXFileReference; lastKnownFileType = text.plist.xml; path = Info.plist; sourceTree = "<group>"; };
		4FAA63371ED4F7FB00BF02C3 /* VoiceCode.appex */ = {isa = PBXFileReference; explicitFileType = "wrapper.app-extension"; includeInIndex = 0; path = VoiceCode.appex; sourceTree = BUILT_PRODUCTS_DIR; };
		4FAA63391ED4F7FB00BF02C3 /* Cocoa.framework */ = {isa = PBXFileReference; lastKnownFileType = wrapper.framework; name = Cocoa.framework; path = System/Library/Frameworks/Cocoa.framework; sourceTree = SDKROOT; };
		4FAA633D1ED4F7FB00BF02C3 /* VoiceCode.entitlements */ = {isa = PBXFileReference; lastKnownFileType = text.plist.entitlements; path = VoiceCode.entitlements; sourceTree = "<group>"; };
		4FAA633E1ED4F7FB00BF02C3 /* SourceEditorExtension.swift */ = {isa = PBXFileReference; lastKnownFileType = sourcecode.swift; path = SourceEditorExtension.swift; sourceTree = "<group>"; };
		4FAA63401ED4F7FB00BF02C3 /* SourceEditorCommand.swift */ = {isa = PBXFileReference; lastKnownFileType = sourcecode.swift; path = SourceEditorCommand.swift; sourceTree = "<group>"; };
		4FAA63421ED4F7FB00BF02C3 /* Info.plist */ = {isa = PBXFileReference; lastKnownFileType = text.plist.xml; path = Info.plist; sourceTree = "<group>"; };
/* End PBXFileReference section */

/* Begin PBXFrameworksBuildPhase section */
		4FAA63201ED4F7DD00BF02C3 /* Frameworks */ = {
			isa = PBXFrameworksBuildPhase;
			buildActionMask = 2147483647;
			files = (
			);
			runOnlyForDeploymentPostprocessing = 0;
		};
		4FAA63341ED4F7FB00BF02C3 /* Frameworks */ = {
			isa = PBXFrameworksBuildPhase;
			buildActionMask = 2147483647;
			files = (
				4FAA633A1ED4F7FB00BF02C3 /* Cocoa.framework in Frameworks */,
			);
			runOnlyForDeploymentPostprocessing = 0;
		};
/* End PBXFrameworksBuildPhase section */

/* Begin PBXGroup section */
		4FAA631A1ED4F7DD00BF02C3 = {
			isa = PBXGroup;
			children = (
				4FAA63251ED4F7DD00BF02C3 /* VoiceCodeXCSourceEditorExtension */,
				4FAA633B1ED4F7FB00BF02C3 /* VoiceCode */,
				4FAA63381ED4F7FB00BF02C3 /* Frameworks */,
				4FAA63241ED4F7DD00BF02C3 /* Products */,
			);
			sourceTree = "<group>";
		};
		4FAA63241ED4F7DD00BF02C3 /* Products */ = {
			isa = PBXGroup;
			children = (
				4FAA63231ED4F7DD00BF02C3 /* VoiceCodeXCSourceEditorExtension.app */,
				4FAA63371ED4F7FB00BF02C3 /* VoiceCode.appex */,
			);
			name = Products;
			sourceTree = "<group>";
		};
		4FAA63251ED4F7DD00BF02C3 /* VoiceCodeXCSourceEditorExtension */ = {
			isa = PBXGroup;
			children = (
				4FAA63261ED4F7DD00BF02C3 /* AppDelegate.swift */,
				4FAA63281ED4F7DD00BF02C3 /* Assets.xcassets */,
				4FAA632A1ED4F7DD00BF02C3 /* MainMenu.xib */,
				4FAA632D1ED4F7DD00BF02C3 /* Info.plist */,
			);
			path = VoiceCodeXCSourceEditorExtension;
			sourceTree = "<group>";
		};
		4FAA63381ED4F7FB00BF02C3 /* Frameworks */ = {
			isa = PBXGroup;
			children = (
				4FAA63391ED4F7FB00BF02C3 /* Cocoa.framework */,
			);
			name = Frameworks;
			sourceTree = "<group>";
		};
		4FAA633B1ED4F7FB00BF02C3 /* VoiceCode */ = {
			isa = PBXGroup;
			children = (
				4FAA633E1ED4F7FB00BF02C3 /* SourceEditorExtension.swift */,
				4FAA63401ED4F7FB00BF02C3 /* SourceEditorCommand.swift */,
				4FAA63421ED4F7FB00BF02C3 /* Info.plist */,
				4FAA633C1ED4F7FB00BF02C3 /* Supporting Files */,
			);
			path = VoiceCode;
			sourceTree = "<group>";
		};
		4FAA633C1ED4F7FB00BF02C3 /* Supporting Files */ = {
			isa = PBXGroup;
			children = (
				4FAA633D1ED4F7FB00BF02C3 /* VoiceCode.entitlements */,
			);
			name = "Supporting Files";
			sourceTree = "<group>";
		};
/* End PBXGroup section */

/* Begin PBXNativeTarget section */
		4FAA63221ED4F7DD00BF02C3 /* VoiceCodeXCSourceEditorExtension */ = {
			isa = PBXNativeTarget;
			buildConfigurationList = 4FAA63301ED4F7DD00BF02C3 /* Build configuration list for PBXNativeTarget "VoiceCodeXCSourceEditorExtension" */;
			buildPhases = (
				4FAA631F1ED4F7DD00BF02C3 /* Sources */,
				4FAA63201ED4F7DD00BF02C3 /* Frameworks */,
				4FAA63211ED4F7DD00BF02C3 /* Resources */,
				4FAA63491ED4F7FB00BF02C3 /* Embed App Extensions */,
			);
			buildRules = (
			);
			dependencies = (
				4FAA63441ED4F7FB00BF02C3 /* PBXTargetDependency */,
			);
			name = VoiceCodeXCSourceEditorExtension;
			productName = VoiceCodeXCSourceEditorExtension;
			productReference = 4FAA63231ED4F7DD00BF02C3 /* VoiceCodeXCSourceEditorExtension.app */;
			productType = "com.apple.product-type.application";
		};
		4FAA63361ED4F7FB00BF02C3 /* VoiceCode */ = {
			isa = PBXNativeTarget;
			buildConfigurationList = 4FAA63461ED4F7FB00BF02C3 /* Build configuration list for PBXNativeTarget "VoiceCode" */;
			buildPhases = (
				4FAA63331ED4F7FB00BF02C3 /* Sources */,
				4FAA63341ED4F7FB00BF02C3 /* Frameworks */,
				4FAA63351ED4F7FB00BF02C3 /* Resources */,
			);
			buildRules = (
			);
			dependencies = (
			);
			name = VoiceCode;
			productName = VoiceCode;
			productReference = 4FAA63371ED4F7FB00BF02C3 /* VoiceCode.appex */;
			productType = "com.apple.product-type.xcode-extension";
		};
/* End PBXNativeTarget section */

/* Begin PBXProject section */
		4FAA631B1ED4F7DD00BF02C3 /* Project object */ = {
			isa = PBXProject;
			attributes = {
				LastSwiftUpdateCheck = 0820;
				LastUpgradeCheck = 0820;
				ORGANIZATIONNAME = OliLarkin;
				TargetAttributes = {
					4FAA63221ED4F7DD00BF02C3 = {
						CreatedOnToolsVersion = 8.2.1;
						DevelopmentTeam = 686EDA2T8T;
						ProvisioningStyle = Automatic;
					};
					4FAA63361ED4F7FB00BF02C3 = {
						CreatedOnToolsVersion = 8.2.1;
						DevelopmentTeam = 686EDA2T8T;
						ProvisioningStyle = Automatic;
					};
				};
			};
			buildConfigurationList = 4FAA631E1ED4F7DD00BF02C3 /* Build configuration list for PBXProject "VoiceCodeXCSourceEditorExtension" */;
			compatibilityVersion = "Xcode 3.2";
			developmentRegion = English;
			hasScannedForEncodings = 0;
			knownRegions = (
				en,
				Base,
			);
			mainGroup = 4FAA631A1ED4F7DD00BF02C3;
			productRefGroup = 4FAA63241ED4F7DD00BF02C3 /* Products */;
			projectDirPath = "";
			projectRoot = "";
			targets = (
				4FAA63221ED4F7DD00BF02C3 /* VoiceCodeXCSourceEditorExtension */,
				4FAA63361ED4F7FB00BF02C3 /* VoiceCode */,
			);
		};
/* End PBXProject section */

/* Begin PBXResourcesBuildPhase section */
		4FAA63211ED4F7DD00BF02C3 /* Resources */ = {
			isa = PBXResourcesBuildPhase;
			buildActionMask = 2147483647;
			files = (
				4FAA63291ED4F7DD00BF02C3 /* Assets.xcassets in Resources */,
				4FAA632C1ED4F7DD00BF02C3 /* MainMenu.xib in Resources */,
			);
			runOnlyForDeploymentPostprocessing = 0;
		};
		4FAA63351ED4F7FB00BF02C3 /* Resources */ = {
			isa = PBXResourcesBuildPhase;
			buildActionMask = 2147483647;
			files = (
			);
			runOnlyForDeploymentPostprocessing = 0;
		};
/* End PBXResourcesBuildPhase section */

/* Begin PBXSourcesBuildPhase section */
		4FAA631F1ED4F7DD00BF02C3 /* Sources */ = {
			isa = PBXSourcesBuildPhase;
			buildActionMask = 2147483647;
			files = (
				4FAA63271ED4F7DD00BF02C3 /* AppDelegate.swift in Sources */,
			);
			runOnlyForDeploymentPostprocessing = 0;
		};
		4FAA63331ED4F7FB00BF02C3 /* Sources */ = {
			isa = PBXSourcesBuildPhase;
			buildActionMask = 2147483647;
			files = (
				4FAA633F1ED4F7FB00BF02C3 /* SourceEditorExtension.swift in Sources */,
				4FAA63411ED4F7FB00BF02C3 /* SourceEditorCommand.swift in Sources */,
			);
			runOnlyForDeploymentPostprocessing = 0;
		};
/* End PBXSourcesBuildPhase section */

/* Begin PBXTargetDependency section */
		4FAA63441ED4F7FB00BF02C3 /* PBXTargetDependency */ = {
			isa = PBXTargetDependency;
			target = 4FAA63361ED4F7FB00BF02C3 /* VoiceCode */;
			targetProxy = 4FAA63431ED4F7FB00BF02C3 /* PBXContainerItemProxy */;
		};
/* End PBXTargetDependency section */

/* Begin PBXVariantGroup section */
		4FAA632A1ED4F7DD00BF02C3 /* MainMenu.xib */ = {
			isa = PBXVariantGroup;
			children = (
				4FAA632B1ED4F7DD00BF02C3 /* Base */,
			);
			name = MainMenu.xib;
			sourceTree = "<group>";
		};
/* End PBXVariantGroup section */

/* Begin XCBuildConfiguration section */
		4FAA632E1ED4F7DD00BF02C3 /* Debug */ = {
			isa = XCBuildConfiguration;
			buildSettings = {
				ALWAYS_SEARCH_USER_PATHS = NO;
				CLANG_ANALYZER_NONNULL = YES;
				CLANG_CXX_LANGUAGE_STANDARD = "gnu++0x";
				CLANG_CXX_LIBRARY = "libc++";
				CLANG_ENABLE_MODULES = YES;
				CLANG_ENABLE_OBJC_ARC = YES;
				CLANG_WARN_BOOL_CONVERSION = YES;
				CLANG_WARN_CONSTANT_CONVERSION = YES;
				CLANG_WARN_DIRECT_OBJC_ISA_USAGE = YES_ERROR;
				CLANG_WARN_DOCUMENTATION_COMMENTS = YES;
				CLANG_WARN_EMPTY_BODY = YES;
				CLANG_WARN_ENUM_CONVERSION = YES;
				CLANG_WARN_INFINITE_RECURSION = YES;
				CLANG_WARN_INT_CONVERSION = YES;
				CLANG_WARN_OBJC_ROOT_CLASS = YES_ERROR;
				CLANG_WARN_SUSPICIOUS_MOVE = YES;
				CLANG_WARN_UNREACHABLE_CODE = YES;
				CLANG_WARN__DUPLICATE_METHOD_MATCH = YES;
				CODE_SIGN_IDENTITY = "-";
				COPY_PHASE_STRIP = NO;
				DEBUG_INFORMATION_FORMAT = dwarf;
				ENABLE_STRICT_OBJC_MSGSEND = YES;
				ENABLE_TESTABILITY = YES;
				GCC_C_LANGUAGE_STANDARD = gnu99;
				GCC_DYNAMIC_NO_PIC = NO;
				GCC_NO_COMMON_BLOCKS = YES;
				GCC_OPTIMIZATION_LEVEL = 0;
				GCC_PREPROCESSOR_DEFINITIONS = (
					"DEBUG=1",
					"$(inherited)",
				);
				GCC_WARN_64_TO_32_BIT_CONVERSION = YES;
				GCC_WARN_ABOUT_RETURN_TYPE = YES_ERROR;
				GCC_WARN_UNDECLARED_SELECTOR = YES;
				GCC_WARN_UNINITIALIZED_AUTOS = YES_AGGRESSIVE;
				GCC_WARN_UNUSED_FUNCTION = YES;
				GCC_WARN_UNUSED_VARIABLE = YES;
				MACOSX_DEPLOYMENT_TARGET = 10.11;
				MTL_ENABLE_DEBUG_INFO = YES;
				ONLY_ACTIVE_ARCH = YES;
				SDKROOT = macosx;
				SWIFT_ACTIVE_COMPILATION_CONDITIONS = DEBUG;
				SWIFT_OPTIMIZATION_LEVEL = "-Onone";
			};
			name = Debug;
		};
		4FAA632F1ED4F7DD00BF02C3 /* Release */ = {
			isa = XCBuildConfiguration;
			buildSettings = {
				ALWAYS_SEARCH_USER_PATHS = NO;
				CLANG_ANALYZER_NONNULL = YES;
				CLANG_CXX_LANGUAGE_STANDARD = "gnu++0x";
				CLANG_CXX_LIBRARY = "libc++";
				CLANG_ENABLE_MODULES = YES;
				CLANG_ENABLE_OBJC_ARC = YES;
				CLANG_WARN_BOOL_CONVERSION = YES;
				CLANG_WARN_CONSTANT_CONVERSION = YES;
				CLANG_WARN_DIRECT_OBJC_ISA_USAGE = YES_ERROR;
				CLANG_WARN_DOCUMENTATION_COMMENTS = YES;
				CLANG_WARN_EMPTY_BODY = YES;
				CLANG_WARN_ENUM_CONVERSION = YES;
				CLANG_WARN_INFINITE_RECURSION = YES;
				CLANG_WARN_INT_CONVERSION = YES;
				CLANG_WARN_OBJC_ROOT_CLASS = YES_ERROR;
				CLANG_WARN_SUSPICIOUS_MOVE = YES;
				CLANG_WARN_UNREACHABLE_CODE = YES;
				CLANG_WARN__DUPLICATE_METHOD_MATCH = YES;
				CODE_SIGN_IDENTITY = "-";
				COPY_PHASE_STRIP = NO;
				DEBUG_INFORMATION_FORMAT = "dwarf-with-dsym";
				ENABLE_NS_ASSERTIONS = NO;
				ENABLE_STRICT_OBJC_MSGSEND = YES;
				GCC_C_LANGUAGE_STANDARD = gnu99;
				GCC_NO_COMMON_BLOCKS = YES;
				GCC_WARN_64_TO_32_BIT_CONVERSION = YES;
				GCC_WARN_ABOUT_RETURN_TYPE = YES_ERROR;
				GCC_WARN_UNDECLARED_SELECTOR = YES;
				GCC_WARN_UNINITIALIZED_AUTOS = YES_AGGRESSIVE;
				GCC_WARN_UNUSED_FUNCTION = YES;
				GCC_WARN_UNUSED_VARIABLE = YES;
				MACOSX_DEPLOYMENT_TARGET = 10.11;
				MTL_ENABLE_DEBUG_INFO = NO;
				SDKROOT = macosx;
				SWIFT_OPTIMIZATION_LEVEL = "-Owholemodule";
			};
			name = Release;
		};
		4FAA63311ED4F7DD00BF02C3 /* Debug */ = {
			isa = XCBuildConfiguration;
			buildSettings = {
				ALWAYS_EMBED_SWIFT_STANDARD_LIBRARIES = YES;
				ASSETCATALOG_COMPILER_APPICON_NAME = AppIcon;
				CODE_SIGN_IDENTITY = "Mac Developer";
				COMBINE_HIDPI_IMAGES = YES;
				DEVELOPMENT_TEAM = 686EDA2T8T;
				INFOPLIST_FILE = VoiceCodeXCSourceEditorExtension/Info.plist;
				LD_RUNPATH_SEARCH_PATHS = "$(inherited) @executable_path/../Frameworks";
				PRODUCT_BUNDLE_IDENTIFIER = com.OliLarkin.VoiceCodeXCSourceEditorExtension;
				PRODUCT_NAME = "$(TARGET_NAME)";
				SWIFT_VERSION = 3.0;
			};
			name = Debug;
		};
		4FAA63321ED4F7DD00BF02C3 /* Release */ = {
			isa = XCBuildConfiguration;
			buildSettings = {
				ALWAYS_EMBED_SWIFT_STANDARD_LIBRARIES = YES;
				ASSETCATALOG_COMPILER_APPICON_NAME = AppIcon;
				CODE_SIGN_IDENTITY = "Mac Developer";
				COMBINE_HIDPI_IMAGES = YES;
				DEVELOPMENT_TEAM = 686EDA2T8T;
				INFOPLIST_FILE = VoiceCodeXCSourceEditorExtension/Info.plist;
				LD_RUNPATH_SEARCH_PATHS = "$(inherited) @executable_path/../Frameworks";
				PRODUCT_BUNDLE_IDENTIFIER = com.OliLarkin.VoiceCodeXCSourceEditorExtension;
				PRODUCT_NAME = "$(TARGET_NAME)";
				SWIFT_VERSION = 3.0;
			};
			name = Release;
		};
		4FAA63471ED4F7FB00BF02C3 /* Debug */ = {
			isa = XCBuildConfiguration;
			buildSettings = {
				CODE_SIGN_ENTITLEMENTS = VoiceCode/VoiceCode.entitlements;
				CODE_SIGN_IDENTITY = "Mac Developer";
				COMBINE_HIDPI_IMAGES = YES;
				DEVELOPMENT_TEAM = 686EDA2T8T;
				INFOPLIST_FILE = VoiceCode/Info.plist;
				LD_RUNPATH_SEARCH_PATHS = "$(inherited) @executable_path/../Frameworks @executable_path/../../../../Frameworks";
				MACOSX_DEPLOYMENT_TARGET = 10.11;
				PRODUCT_BUNDLE_IDENTIFIER = com.OliLarkin.VoiceCodeXCSourceEditorExtension.VoiceCode;
				PRODUCT_NAME = "$(TARGET_NAME)";
				SKIP_INSTALL = YES;
				SWIFT_VERSION = 3.0;
			};
			name = Debug;
		};
		4FAA63481ED4F7FB00BF02C3 /* Release */ = {
			isa = XCBuildConfiguration;
			buildSettings = {
				CODE_SIGN_ENTITLEMENTS = VoiceCode/VoiceCode.entitlements;
				CODE_SIGN_IDENTITY = "Mac Developer";
				COMBINE_HIDPI_IMAGES = YES;
				DEVELOPMENT_TEAM = 686EDA2T8T;
				INFOPLIST_FILE = VoiceCode/Info.plist;
				LD_RUNPATH_SEARCH_PATHS = "$(inherited) @executable_path/../Frameworks @executable_path/../../../../Frameworks";
				MACOSX_DEPLOYMENT_TARGET = 10.11;
				PRODUCT_BUNDLE_IDENTIFIER = com.OliLarkin.VoiceCodeXCSourceEditorExtension.VoiceCode;
				PRODUCT_NAME = "$(TARGET_NAME)";
				SKIP_INSTALL = YES;
				SWIFT_VERSION = 3.0;
			};
			name = Release;
		};
/* End XCBuildConfiguration section */

/* Begin XCConfigurationList section */
		4FAA631E1ED4F7DD00BF02C3 /* Build configuration list for PBXProject "VoiceCodeXCSourceEditorExtension" */ = {
			isa = XCConfigurationList;
			buildConfigurations = (
				4FAA632E1ED4F7DD00BF02C3 /* Debug */,
				4FAA632F1ED4F7DD00BF02C3 /* Release */,
			);
			defaultConfigurationIsVisible = 0;
			defaultConfigurationName = Release;
		};
		4FAA63301ED4F7DD00BF02C3 /* Build configuration list for PBXNativeTarget "VoiceCodeXCSourceEditorExtension" */ = {
			isa = XCConfigurationList;
			buildConfigurations = (
				4FAA63311ED4F7DD00BF02C3 /* Debug */,
				4FAA63321ED4F7DD00BF02C3 /* Release */,
			);
			defaultConfigurationIsVisible = 0;
		};
		4FAA63461ED4F7FB00BF02C3 /* Build configuration list for PBXNativeTarget "VoiceCode" */ = {
			isa = XCConfigurationList;
			buildConfigurations = (
				4FAA63471ED4F7FB00BF02C3 /* Debug */,
				4FAA63481ED4F7FB00BF02C3 /* Release */,
			);
			defaultConfigurationIsVisible = 0;
		};
/* End XCConfigurationList section */
	};
	rootObject = 4FAA631B1ED4F7DD00BF02C3 /* Project object */;
}
